
Microsoft Visual Studio Solution File, Format Version 12.00
# Visual Studio Version 16
VisualStudioVersion = 16.0.30225.117
MinimumVisualStudioVersion = 10.0.40219.1
Project("{FAE04EC0-301F-11D3-BF4B-00C04F79EFBC}") = "SolarSystem.Server", "Server\SolarSystem.Server.csproj", "{77CF50DA-571A-462E-9B6F-C9504EDAC78B}"
EndProject
Project("{FAE04EC0-301F-11D3-BF4B-00C04F79EFBC}") = "SolarSystem.Client", "Client\SolarSystem.Client.csproj", "{3601FAA8-ED88-4FFC-94DB-34DDCB05A7C5}"
EndProject
Project("{FAE04EC0-301F-11D3-BF4B-00C04F79EFBC}") = "SolarSystem.Shared", "Shared\SolarSystem.Shared.csproj", "{9C8692B9-2E42-4E96-BAE7-F92C589FAF81}"
EndProject
Global
	GlobalSection(SolutionConfigurationPlatforms) = preSolution
		Debug|Any CPU = Debug|Any CPU
		Release|Any CPU = Release|Any CPU
	EndGlobalSection
	GlobalSection(ProjectConfigurationPlatforms) = postSolution
		{77CF50DA-571A-462E-9B6F-C9504EDAC78B}.Debug|Any CPU.ActiveCfg = Debug|Any CPU
		{77CF50DA-571A-462E-9B6F-C9504EDAC78B}.Debug|Any CPU.Build.0 = Debug|Any CPU
		{77CF50DA-571A-462E-9B6F-C9504EDAC78B}.Release|Any CPU.ActiveCfg = Release|Any CPU
		{77CF50DA-571A-462E-9B6F-C9504EDAC78B}.Release|Any CPU.Build.0 = Release|Any CPU
		{3601FAA8-ED88-4FFC-94DB-34DDCB05A7C5}.Debug|Any CPU.ActiveCfg = Debug|Any CPU
		{3601FAA8-ED88-4FFC-94DB-34DDCB05A7C5}.Debug|Any CPU.Build.0 = Debug|Any CPU
		{3601FAA8-ED88-4FFC-94DB-34DDCB05A7C5}.Release|Any CPU.ActiveCfg = Release|Any CPU
		{3601FAA8-ED88-4FFC-94DB-34DDCB05A7C5}.Release|Any CPU.Build.0 = Release|Any CPU
		{9C8692B9-2E42-4E96-BAE7-F92C589FAF81}.Debug|Any CPU.ActiveCfg = Debug|Any CPU
		{9C8692B9-2E42-4E96-BAE7-F92C589FAF81}.Debug|Any CPU.Build.0 = Debug|Any CPU
		{9C8692B9-2E42-4E96-BAE7-F92C589FAF81}.Release|Any CPU.ActiveCfg = Release|Any CPU
		{9C8692B9-2E42-4E96-BAE7-F92C589FAF81}.Release|Any CPU.Build.0 = Release|Any CPU
	EndGlobalSection
	GlobalSection(SolutionProperties) = preSolution
		HideSolutionNode = FALSE
	EndGlobalSection
	GlobalSection(ExtensibilityGlobals) = postSolution
		SolutionGuid = {00A3C2CF-C9EB-48BB-9757-4B87B1595693}
	EndGlobalSection
EndGlobal
