
Microsoft Visual Studio Solution File, Format Version 12.00
# Visual Studio Version 16
VisualStudioVersion = 16.0.30225.117
MinimumVisualStudioVersion = 10.0.40219.1
Project("{FAE04EC0-301F-11D3-BF4B-00C04F79EFBC}") = "SolarSystem.Server", "Server\SolarSystem.Server.csproj", "{77CF50DA-571A-462E-9B6F-C9504EDAC78B}"
EndProject
Project("{FAE04EC0-301F-11D3-BF4B-00C04F79EFBC}") = "SolarSystem.Client", "Client\SolarSystem.Client.csproj", "{3601FAA8-ED88-4FFC-94DB-34DDCB05A7C5}"
EndProject
Project("{FAE04EC0-301F-11D3-BF4B-00C04F79EFBC}") = "SolarSystem.Persistence", "Persistence\SolarSystem.Persistence.csproj", "{CF083472-DBBF-4E10-B1B9-E1AAF2B878B4}"
EndProject
Project("{FAE04EC0-301F-11D3-BF4B-00C04F79EFBC}") = "SolarSystem.Domain", "Domain\SolarSystem.Domain.csproj", "{D8FDFDC3-BC14-4718-AD6C-E534CED8D2D6}"
EndProject
Project("{FAE04EC0-301F-11D3-BF4B-00C04F79EFBC}") = "SolarSystem.Common", "Common\SolarSystem.Common.csproj", "{AAE82419-9D9F-4050-9A56-DFF391269CC2}"
EndProject
Project("{FAE04EC0-301F-11D3-BF4B-00C04F79EFBC}") = "SolarSystem.Application", "Application\SolarSystem.Application.csproj", "{E4E8AD0A-6993-4F75-B8E0-31D849EC0234}"
EndProject
Project("{2150E333-8FDC-42A3-9474-1A3956D46DE8}") = "Tests", "Tests", "{B54C6260-116E-4D26-A93C-213392AE50E6}"
EndProject
Project("{FAE04EC0-301F-11D3-BF4B-00C04F79EFBC}") = "SolarSystem.Application.Tests", "Application.Tests\SolarSystem.Application.Tests.csproj", "{968203BF-44CB-4126-9918-7C686044CEC2}"
EndProject
Project("{FAE04EC0-301F-11D3-BF4B-00C04F79EFBC}") = "SolarSystem.Domain.Tests", "Domain.Tests\SolarSystem.Domain.Tests.csproj", "{4EF67713-CDED-4A8D-BBF2-8F36715AFC8B}"
EndProject
Project("{FAE04EC0-301F-11D3-BF4B-00C04F79EFBC}") = "SolarSystem.Infrastructure", "Infrastructure\SolarSystem.Infrastructure.csproj", "{1FCA1820-2DBF-49C1-AD9D-F6AB84087FBD}"
EndProject
Project("{FAE04EC0-301F-11D3-BF4B-00C04F79EFBC}") = "SolarSystem.Server.Tests", "Server.Tests\SolarSystem.Server.Tests.csproj", "{7F4F0579-F99F-47CD-8A77-71FA48C471DB}"
EndProject
Global
	GlobalSection(SolutionConfigurationPlatforms) = preSolution
		Debug|Any CPU = Debug|Any CPU
		Release|Any CPU = Release|Any CPU
	EndGlobalSection
	GlobalSection(ProjectConfigurationPlatforms) = postSolution
		{77CF50DA-571A-462E-9B6F-C9504EDAC78B}.Debug|Any CPU.ActiveCfg = Debug|Any CPU
		{77CF50DA-571A-462E-9B6F-C9504EDAC78B}.Debug|Any CPU.Build.0 = Debug|Any CPU
		{77CF50DA-571A-462E-9B6F-C9504EDAC78B}.Release|Any CPU.ActiveCfg = Release|Any CPU
		{77CF50DA-571A-462E-9B6F-C9504EDAC78B}.Release|Any CPU.Build.0 = Release|Any CPU
		{3601FAA8-ED88-4FFC-94DB-34DDCB05A7C5}.Debug|Any CPU.ActiveCfg = Debug|Any CPU
		{3601FAA8-ED88-4FFC-94DB-34DDCB05A7C5}.Debug|Any CPU.Build.0 = Debug|Any CPU
		{3601FAA8-ED88-4FFC-94DB-34DDCB05A7C5}.Release|Any CPU.ActiveCfg = Release|Any CPU
		{3601FAA8-ED88-4FFC-94DB-34DDCB05A7C5}.Release|Any CPU.Build.0 = Release|Any CPU
		{CF083472-DBBF-4E10-B1B9-E1AAF2B878B4}.Debug|Any CPU.ActiveCfg = Debug|Any CPU
		{CF083472-DBBF-4E10-B1B9-E1AAF2B878B4}.Debug|Any CPU.Build.0 = Debug|Any CPU
		{CF083472-DBBF-4E10-B1B9-E1AAF2B878B4}.Release|Any CPU.ActiveCfg = Release|Any CPU
		{CF083472-DBBF-4E10-B1B9-E1AAF2B878B4}.Release|Any CPU.Build.0 = Release|Any CPU
		{D8FDFDC3-BC14-4718-AD6C-E534CED8D2D6}.Debug|Any CPU.ActiveCfg = Debug|Any CPU
		{D8FDFDC3-BC14-4718-AD6C-E534CED8D2D6}.Debug|Any CPU.Build.0 = Debug|Any CPU
		{D8FDFDC3-BC14-4718-AD6C-E534CED8D2D6}.Release|Any CPU.ActiveCfg = Release|Any CPU
		{D8FDFDC3-BC14-4718-AD6C-E534CED8D2D6}.Release|Any CPU.Build.0 = Release|Any CPU
		{AAE82419-9D9F-4050-9A56-DFF391269CC2}.Debug|Any CPU.ActiveCfg = Debug|Any CPU
		{AAE82419-9D9F-4050-9A56-DFF391269CC2}.Debug|Any CPU.Build.0 = Debug|Any CPU
		{AAE82419-9D9F-4050-9A56-DFF391269CC2}.Release|Any CPU.ActiveCfg = Release|Any CPU
		{AAE82419-9D9F-4050-9A56-DFF391269CC2}.Release|Any CPU.Build.0 = Release|Any CPU
		{E4E8AD0A-6993-4F75-B8E0-31D849EC0234}.Debug|Any CPU.ActiveCfg = Debug|Any CPU
		{E4E8AD0A-6993-4F75-B8E0-31D849EC0234}.Debug|Any CPU.Build.0 = Debug|Any CPU
		{E4E8AD0A-6993-4F75-B8E0-31D849EC0234}.Release|Any CPU.ActiveCfg = Release|Any CPU
		{E4E8AD0A-6993-4F75-B8E0-31D849EC0234}.Release|Any CPU.Build.0 = Release|Any CPU
		{968203BF-44CB-4126-9918-7C686044CEC2}.Debug|Any CPU.ActiveCfg = Debug|Any CPU
		{968203BF-44CB-4126-9918-7C686044CEC2}.Debug|Any CPU.Build.0 = Debug|Any CPU
		{968203BF-44CB-4126-9918-7C686044CEC2}.Release|Any CPU.ActiveCfg = Release|Any CPU
		{968203BF-44CB-4126-9918-7C686044CEC2}.Release|Any CPU.Build.0 = Release|Any CPU
		{4EF67713-CDED-4A8D-BBF2-8F36715AFC8B}.Debug|Any CPU.ActiveCfg = Debug|Any CPU
		{4EF67713-CDED-4A8D-BBF2-8F36715AFC8B}.Debug|Any CPU.Build.0 = Debug|Any CPU
		{4EF67713-CDED-4A8D-BBF2-8F36715AFC8B}.Release|Any CPU.ActiveCfg = Release|Any CPU
		{4EF67713-CDED-4A8D-BBF2-8F36715AFC8B}.Release|Any CPU.Build.0 = Release|Any CPU
		{1FCA1820-2DBF-49C1-AD9D-F6AB84087FBD}.Debug|Any CPU.ActiveCfg = Debug|Any CPU
		{1FCA1820-2DBF-49C1-AD9D-F6AB84087FBD}.Debug|Any CPU.Build.0 = Debug|Any CPU
		{1FCA1820-2DBF-49C1-AD9D-F6AB84087FBD}.Release|Any CPU.ActiveCfg = Release|Any CPU
		{1FCA1820-2DBF-49C1-AD9D-F6AB84087FBD}.Release|Any CPU.Build.0 = Release|Any CPU
		{7F4F0579-F99F-47CD-8A77-71FA48C471DB}.Debug|Any CPU.ActiveCfg = Debug|Any CPU
		{7F4F0579-F99F-47CD-8A77-71FA48C471DB}.Debug|Any CPU.Build.0 = Debug|Any CPU
		{7F4F0579-F99F-47CD-8A77-71FA48C471DB}.Release|Any CPU.ActiveCfg = Release|Any CPU
		{7F4F0579-F99F-47CD-8A77-71FA48C471DB}.Release|Any CPU.Build.0 = Release|Any CPU
	EndGlobalSection
	GlobalSection(SolutionProperties) = preSolution
		HideSolutionNode = FALSE
	EndGlobalSection
	GlobalSection(ExtensibilityGlobals) = postSolution
		SolutionGuid = {00A3C2CF-C9EB-48BB-9757-4B87B1595693}
	EndGlobalSection
	GlobalSection(NestedProjects) = preSolution
		{968203BF-44CB-4126-9918-7C686044CEC2} = {B54C6260-116E-4D26-A93C-213392AE50E6}
		{4EF67713-CDED-4A8D-BBF2-8F36715AFC8B} = {B54C6260-116E-4D26-A93C-213392AE50E6}
		{7F4F0579-F99F-47CD-8A77-71FA48C471DB} = {B54C6260-116E-4D26-A93C-213392AE50E6}
	EndGlobalSection
EndGlobal
